Microsoft Visual Studio Solution File, Format Version 11.00
# Visual Studio 2010
Project("{8BC9CEB8-8B4A-11D0-8D11-00A0C91BC942}") = "YsbotControl", "YsbotControl\YsbotControl.vcxproj", "{D70EF7AE-3ADB-4104-9D37-10AEF2AEE1D3}"
	ProjectSection(ProjectDependencies) = postProject
		{39B7C01D-E265-4983-892D-F26874A8A5A4} = {39B7C01D-E265-4983-892D-F26874A8A5A4}
		{148DD637-2312-4B28-9CE1-F4B9E907568F} = {148DD637-2312-4B28-9CE1-F4B9E907568F}
		{A77B72B0-997E-4AEC-BEC9-4CCBB7F3776E} = {A77B72B0-997E-4AEC-BEC9-4CCBB7F3776E}
		{4C560ECE-2FC2-48D3-A910-865BBE8D8A33} = {4C560ECE-2FC2-48D3-A910-865BBE8D8A33}
		{8611B0D9-62CA-47C1-9A25-A0802F7F151C} = {8611B0D9-62CA-47C1-9A25-A0802F7F151C}
	EndProjectSection
EndProject
Project("{8BC9CEB8-8B4A-11D0-8D11-00A0C91BC942}") = "roboop", "roboop\roboop.vcxproj", "{4C560ECE-2FC2-48D3-A910-865BBE8D8A33}"
	ProjectSection(ProjectDependencies) = postProject
		{39B7C01D-E265-4983-892D-F26874A8A5A4} = {39B7C01D-E265-4983-892D-F26874A8A5A4}
	EndProjectSection
EndProject
Project("{8BC9CEB8-8B4A-11D0-8D11-00A0C91BC942}") = "newmat", "newmat\newmat.vcxproj", "{39B7C01D-E265-4983-892D-F26874A8A5A4}"
EndProject
Project("{8BC9CEB8-8B4A-11D0-8D11-00A0C91BC942}") = "ScintillaLib", "ScintillaLib\ScintillaLib.vcxproj", "{8611B0D9-62CA-47C1-9A25-A0802F7F151C}"
EndProject
Project("{8BC9CEB8-8B4A-11D0-8D11-00A0C91BC942}") = "LuaBind", "LuaBind\LuaBind.vcxproj", "{148DD637-2312-4B28-9CE1-F4B9E907568F}"
EndProject
Project("{8BC9CEB8-8B4A-11D0-8D11-00A0C91BC942}") = "easySQLite", "easySQLite\easySQLite.vcxproj", "{A77B72B0-997E-4AEC-BEC9-4CCBB7F3776E}"
EndProject
Global
	GlobalSection(SolutionConfigurationPlatforms) = preSolution
		Debug|Win32 = Debug|Win32
		Debug|x64 = Debug|x64
		DebugX86|Win32 = DebugX86|Win32
		DebugX86|x64 = DebugX86|x64
		Release|Win32 = Release|Win32
		Release|x64 = Release|x64
		ReleaseX86|Win32 = ReleaseX86|Win32
		ReleaseX86|x64 = ReleaseX86|x64
	EndGlobalSection
	GlobalSection(ProjectConfigurationPlatforms) = postSolution
		{D70EF7AE-3ADB-4104-9D37-10AEF2AEE1D3}.Debug|Win32.ActiveCfg = Debug|Win32
		{D70EF7AE-3ADB-4104-9D37-10AEF2AEE1D3}.Debug|Win32.Build.0 = Debug|Win32
		{D70EF7AE-3ADB-4104-9D37-10AEF2AEE1D3}.Debug|x64.ActiveCfg = Debug|Win32
		{D70EF7AE-3ADB-4104-9D37-10AEF2AEE1D3}.Debug|x64.Build.0 = Debug|Win32
		{D70EF7AE-3ADB-4104-9D37-10AEF2AEE1D3}.DebugX86|Win32.ActiveCfg = DebugX86|Win32
		{D70EF7AE-3ADB-4104-9D37-10AEF2AEE1D3}.DebugX86|Win32.Build.0 = DebugX86|Win32
		{D70EF7AE-3ADB-4104-9D37-10AEF2AEE1D3}.DebugX86|x64.ActiveCfg = DebugX86|x64
		{D70EF7AE-3ADB-4104-9D37-10AEF2AEE1D3}.DebugX86|x64.Build.0 = DebugX86|x64
		{D70EF7AE-3ADB-4104-9D37-10AEF2AEE1D3}.Release|Win32.ActiveCfg = Release|Win32
		{D70EF7AE-3ADB-4104-9D37-10AEF2AEE1D3}.Release|Win32.Build.0 = Release|Win32
		{D70EF7AE-3ADB-4104-9D37-10AEF2AEE1D3}.Release|x64.ActiveCfg = Release|x64
		{D70EF7AE-3ADB-4104-9D37-10AEF2AEE1D3}.Release|x64.Build.0 = Release|x64
		{D70EF7AE-3ADB-4104-9D37-10AEF2AEE1D3}.ReleaseX86|Win32.ActiveCfg = ReleaseX86|Win32
		{D70EF7AE-3ADB-4104-9D37-10AEF2AEE1D3}.ReleaseX86|Win32.Build.0 = ReleaseX86|Win32
		{D70EF7AE-3ADB-4104-9D37-10AEF2AEE1D3}.ReleaseX86|x64.ActiveCfg = ReleaseX86|x64
		{D70EF7AE-3ADB-4104-9D37-10AEF2AEE1D3}.ReleaseX86|x64.Build.0 = ReleaseX86|x64
		{4C560ECE-2FC2-48D3-A910-865BBE8D8A33}.Debug|Win32.ActiveCfg = Debug|Win32
		{4C560ECE-2FC2-48D3-A910-865BBE8D8A33}.Debug|Win32.Build.0 = Debug|Win32
		{4C560ECE-2FC2-48D3-A910-865BBE8D8A33}.Debug|x64.ActiveCfg = Debug|Win32
		{4C560ECE-2FC2-48D3-A910-865BBE8D8A33}.DebugX86|Win32.ActiveCfg = DebugX86|Win32
		{4C560ECE-2FC2-48D3-A910-865BBE8D8A33}.DebugX86|Win32.Build.0 = DebugX86|Win32
		{4C560ECE-2FC2-48D3-A910-865BBE8D8A33}.DebugX86|x64.ActiveCfg = DebugX86|Win32
		{4C560ECE-2FC2-48D3-A910-865BBE8D8A33}.Release|Win32.ActiveCfg = Release|Win32
		{4C560ECE-2FC2-48D3-A910-865BBE8D8A33}.Release|Win32.Build.0 = Release|Win32
		{4C560ECE-2FC2-48D3-A910-865BBE8D8A33}.Release|x64.ActiveCfg = Release|Win32
		{4C560ECE-2FC2-48D3-A910-865BBE8D8A33}.ReleaseX86|Win32.ActiveCfg = ReleaseX86|Win32
		{4C560ECE-2FC2-48D3-A910-865BBE8D8A33}.ReleaseX86|Win32.Build.0 = ReleaseX86|Win32
		{4C560ECE-2FC2-48D3-A910-865BBE8D8A33}.ReleaseX86|x64.ActiveCfg = ReleaseX86|Win32
		{39B7C01D-E265-4983-892D-F26874A8A5A4}.Debug|Win32.ActiveCfg = Debug|Win32
		{39B7C01D-E265-4983-892D-F26874A8A5A4}.Debug|Win32.Build.0 = Debug|Win32
		{39B7C01D-E265-4983-892D-F26874A8A5A4}.Debug|x64.ActiveCfg = Debug|Win32
		{39B7C01D-E265-4983-892D-F26874A8A5A4}.DebugX86|Win32.ActiveCfg = DebugX86|Win32
		{39B7C01D-E265-4983-892D-F26874A8A5A4}.DebugX86|Win32.Build.0 = DebugX86|Win32
		{39B7C01D-E265-4983-892D-F26874A8A5A4}.DebugX86|x64.ActiveCfg = DebugX86|Win32
		{39B7C01D-E265-4983-892D-F26874A8A5A4}.Release|Win32.ActiveCfg = Release|Win32
		{39B7C01D-E265-4983-892D-F26874A8A5A4}.Release|Win32.Build.0 = Release|Win32
		{39B7C01D-E265-4983-892D-F26874A8A5A4}.Release|x64.ActiveCfg = Release|Win32
		{39B7C01D-E265-4983-892D-F26874A8A5A4}.ReleaseX86|Win32.ActiveCfg = ReleaseX86|Win32
		{39B7C01D-E265-4983-892D-F26874A8A5A4}.ReleaseX86|Win32.Build.0 = ReleaseX86|Win32
		{39B7C01D-E265-4983-892D-F26874A8A5A4}.ReleaseX86|x64.ActiveCfg = ReleaseX86|Win32
		{8611B0D9-62CA-47C1-9A25-A0802F7F151C}.Debug|Win32.ActiveCfg = Debug|Win32
		{8611B0D9-62CA-47C1-9A25-A0802F7F151C}.Debug|Win32.Build.0 = Debug|Win32
		{8611B0D9-62CA-47C1-9A25-A0802F7F151C}.Debug|x64.ActiveCfg = Debug|Win32
		{8611B0D9-62CA-47C1-9A25-A0802F7F151C}.DebugX86|Win32.ActiveCfg = DebugX86|Win32
		{8611B0D9-62CA-47C1-9A25-A0802F7F151C}.DebugX86|Win32.Build.0 = DebugX86|Win32
		{8611B0D9-62CA-47C1-9A25-A0802F7F151C}.DebugX86|x64.ActiveCfg = DebugX86|Win32
		{8611B0D9-62CA-47C1-9A25-A0802F7F151C}.Release|Win32.ActiveCfg = Release|Win32
		{8611B0D9-62CA-47C1-9A25-A0802F7F151C}.Release|Win32.Build.0 = Release|Win32
		{8611B0D9-62CA-47C1-9A25-A0802F7F151C}.Release|x64.ActiveCfg = Release|Win32
		{8611B0D9-62CA-47C1-9A25-A0802F7F151C}.ReleaseX86|Win32.ActiveCfg = ReleaseX86|Win32
		{8611B0D9-62CA-47C1-9A25-A0802F7F151C}.ReleaseX86|Win32.Build.0 = ReleaseX86|Win32
		{8611B0D9-62CA-47C1-9A25-A0802F7F151C}.ReleaseX86|x64.ActiveCfg = ReleaseX86|Win32
		{148DD637-2312-4B28-9CE1-F4B9E907568F}.Debug|Win32.ActiveCfg = Debug|Win32
		{148DD637-2312-4B28-9CE1-F4B9E907568F}.Debug|Win32.Build.0 = Debug|Win32
		{148DD637-2312-4B28-9CE1-F4B9E907568F}.Debug|x64.ActiveCfg = Debug|Win32
		{148DD637-2312-4B28-9CE1-F4B9E907568F}.DebugX86|Win32.ActiveCfg = DebugX86|Win32
		{148DD637-2312-4B28-9CE1-F4B9E907568F}.DebugX86|Win32.Build.0 = DebugX86|Win32
		{148DD637-2312-4B28-9CE1-F4B9E907568F}.DebugX86|x64.ActiveCfg = DebugX86|Win32
		{148DD637-2312-4B28-9CE1-F4B9E907568F}.Release|Win32.ActiveCfg = Release|Win32
		{148DD637-2312-4B28-9CE1-F4B9E907568F}.Release|Win32.Build.0 = Release|Win32
		{148DD637-2312-4B28-9CE1-F4B9E907568F}.Release|x64.ActiveCfg = Release|Win32
		{148DD637-2312-4B28-9CE1-F4B9E907568F}.ReleaseX86|Win32.ActiveCfg = ReleaseX86|Win32
		{148DD637-2312-4B28-9CE1-F4B9E907568F}.ReleaseX86|Win32.Build.0 = ReleaseX86|Win32
		{148DD637-2312-4B28-9CE1-F4B9E907568F}.ReleaseX86|x64.ActiveCfg = ReleaseX86|Win32
		{A77B72B0-997E-4AEC-BEC9-4CCBB7F3776E}.Debug|Win32.ActiveCfg = Debug|Win32
		{A77B72B0-997E-4AEC-BEC9-4CCBB7F3776E}.Debug|Win32.Build.0 = Debug|Win32
		{A77B72B0-997E-4AEC-BEC9-4CCBB7F3776E}.Debug|x64.ActiveCfg = Debug|Win32
		{A77B72B0-997E-4AEC-BEC9-4CCBB7F3776E}.DebugX86|Win32.ActiveCfg = DebugX86|Win32
		{A77B72B0-997E-4AEC-BEC9-4CCBB7F3776E}.DebugX86|Win32.Build.0 = DebugX86|Win32
		{A77B72B0-997E-4AEC-BEC9-4CCBB7F3776E}.DebugX86|x64.ActiveCfg = DebugX86|Win32
		{A77B72B0-997E-4AEC-BEC9-4CCBB7F3776E}.Release|Win32.ActiveCfg = Release|Win32
		{A77B72B0-997E-4AEC-BEC9-4CCBB7F3776E}.Release|Win32.Build.0 = Release|Win32
		{A77B72B0-997E-4AEC-BEC9-4CCBB7F3776E}.Release|x64.ActiveCfg = Release|Win32
		{A77B72B0-997E-4AEC-BEC9-4CCBB7F3776E}.ReleaseX86|Win32.ActiveCfg = ReleaseX86|Win32
		{A77B72B0-997E-4AEC-BEC9-4CCBB7F3776E}.ReleaseX86|Win32.Build.0 = ReleaseX86|Win32
		{A77B72B0-997E-4AEC-BEC9-4CCBB7F3776E}.ReleaseX86|x64.ActiveCfg = ReleaseX86|Win32
	EndGlobalSection
	GlobalSection(SolutionProperties) = preSolution
		HideSolutionNode = FALSE
	EndGlobalSection
EndGlobal
