<?xml version="1.0" encoding="utf-8"?>
<Project ToolsVersion="4.0" xmlns="http://schemas.microsoft.com/developer/msbuild/2003">
  <ItemGroup>
    <Filter Include="Source Files">
      <UniqueIdentifier>{4FC737F1-C7A5-4376-A066-2A32D752A2FF}</UniqueIdentifier>
      <Extensions>cpp;c;cc;cxx;def;odl;idl;hpj;bat;asm;asmx</Extensions>
    </Filter>
    <Filter Include="Header Files">
      <UniqueIdentifier>{93995380-89BD-4b04-88EB-625FBE52EBFB}</UniqueIdentifier>
      <Extensions>h;hpp;hxx;hm;inl;inc;xsd</Extensions>
    </Filter>
    <Filter Include="Resource Files">
      <UniqueIdentifier>{67DA6AB6-F800-4c08-8B7A-83BB121AAD01}</UniqueIdentifier>
      <Extensions>rc;ico;cur;bmp;dlg;rc2;rct;bin;rgs;gif;jpg;jpeg;jpe;resx;tiff;tif;png;wav;mfcribbon-ms</Extensions>
    </Filter>
  </ItemGroup>
  <ItemGroup>
    <None Include="ReadMe.txt" />
  </ItemGroup>
  <ItemGroup>
    <ClCompile Include="bandmat.cpp">
      <Filter>Source Files</Filter>
    </ClCompile>
    <ClCompile Include="cholesky.cpp">
      <Filter>Source Files</Filter>
    </ClCompile>
    <ClCompile Include="evalue.cpp">
      <Filter>Source Files</Filter>
    </ClCompile>
    <ClCompile Include="fft.cpp">
      <Filter>Source Files</Filter>
    </ClCompile>
    <ClCompile Include="hholder.cpp">
      <Filter>Source Files</Filter>
    </ClCompile>
    <ClCompile Include="jacobi.cpp">
      <Filter>Source Files</Filter>
    </ClCompile>
    <ClCompile Include="myexcept.cpp">
      <Filter>Source Files</Filter>
    </ClCompile>
    <ClCompile Include="newfft.cpp">
      <Filter>Source Files</Filter>
    </ClCompile>
    <ClCompile Include="newmat1.cpp">
      <Filter>Source Files</Filter>
    </ClCompile>
    <ClCompile Include="newmat2.cpp">
      <Filter>Source Files</Filter>
    </ClCompile>
    <ClCompile Include="newmat3.cpp">
      <Filter>Source Files</Filter>
    </ClCompile>
    <ClCompile Include="newmat4.cpp">
      <Filter>Source Files</Filter>
    </ClCompile>
    <ClCompile Include="newmat5.cpp">
      <Filter>Source Files</Filter>
    </ClCompile>
    <ClCompile Include="newmat6.cpp">
      <Filter>Source Files</Filter>
    </ClCompile>
    <ClCompile Include="newmat7.cpp">
      <Filter>Source Files</Filter>
    </ClCompile>
    <ClCompile Include="newmat8.cpp">
      <Filter>Source Files</Filter>
    </ClCompile>
    <ClCompile Include="newmat9.cpp">
      <Filter>Source Files</Filter>
    </ClCompile>
    <ClCompile Include="newmatex.cpp">
      <Filter>Source Files</Filter>
    </ClCompile>
    <ClCompile Include="newmatnl.cpp">
      <Filter>Source Files</Filter>
    </ClCompile>
    <ClCompile Include="newmatrm.cpp">
      <Filter>Source Files</Filter>
    </ClCompile>
    <ClCompile Include="nm_misc.cpp">
      <Filter>Source Files</Filter>
    </ClCompile>
    <ClCompile Include="solution.cpp">
      <Filter>Source Files</Filter>
    </ClCompile>
    <ClCompile Include="sort.cpp">
      <Filter>Source Files</Filter>
    </ClCompile>
    <ClCompile Include="submat.cpp">
      <Filter>Source Files</Filter>
    </ClCompile>
    <ClCompile Include="svd.cpp">
      <Filter>Source Files</Filter>
    </ClCompile>
  </ItemGroup>
  <ItemGroup>
    <ClInclude Include="myexcept.h">
      <Filter>Header Files</Filter>
    </ClInclude>
    <ClInclude Include="newmatap.h">
      <Filter>Header Files</Filter>
    </ClInclude>
    <ClInclude Include="newmatio.h">
      <Filter>Header Files</Filter>
    </ClInclude>
    <ClInclude Include="newmatnl.h">
      <Filter>Header Files</Filter>
    </ClInclude>
    <ClInclude Include="newmatrc.h">
      <Filter>Header Files</Filter>
    </ClInclude>
    <ClInclude Include="newmatrm.h">
      <Filter>Header Files</Filter>
    </ClInclude>
    <ClInclude Include="solution.h">
      <Filter>Header Files</Filter>
    </ClInclude>
  </ItemGroup>
</Project>