<?xml version="1.0" encoding="utf-8"?>
<Project ToolsVersion="4.0" xmlns="http://schemas.microsoft.com/developer/msbuild/2003">
  <ItemGroup>
    <Filter Include="Source Files">
      <UniqueIdentifier>{4FC737F1-C7A5-4376-A066-2A32D752A2FF}</UniqueIdentifier>
      <Extensions>cpp;c;cc;cxx;def;odl;idl;hpj;bat;asm;asmx</Extensions>
    </Filter>
    <Filter Include="Header Files">
      <UniqueIdentifier>{93995380-89BD-4b04-88EB-625FBE52EBFB}</UniqueIdentifier>
      <Extensions>h;hpp;hxx;hm;inl;inc;xsd</Extensions>
    </Filter>
    <Filter Include="Resource Files">
      <UniqueIdentifier>{67DA6AB6-F800-4c08-8B7A-83BB121AAD01}</UniqueIdentifier>
      <Extensions>rc;ico;cur;bmp;dlg;rc2;rct;bin;rgs;gif;jpg;jpeg;jpe;resx;tiff;tif;png;wav;mfcribbon-ms</Extensions>
    </Filter>
  </ItemGroup>
  <ItemGroup>
    <ClCompile Include="easySQLite\SHA1.cpp">
      <Filter>Source Files</Filter>
    </ClCompile>
    <ClCompile Include="easySQLite\SqlValue.cpp">
      <Filter>Source Files</Filter>
    </ClCompile>
    <ClCompile Include="easySQLite\SqlCommon.cpp">
      <Filter>Source Files</Filter>
    </ClCompile>
    <ClCompile Include="easySQLite\SqlDatabase.cpp">
      <Filter>Source Files</Filter>
    </ClCompile>
    <ClCompile Include="easySQLite\SqlField.cpp">
      <Filter>Source Files</Filter>
    </ClCompile>
    <ClCompile Include="easySQLite\SqlFieldSet.cpp">
      <Filter>Source Files</Filter>
    </ClCompile>
    <ClCompile Include="easySQLite\sqlite3.c">
      <Filter>Source Files</Filter>
    </ClCompile>
    <ClCompile Include="easySQLite\SqlRecord.cpp">
      <Filter>Source Files</Filter>
    </ClCompile>
    <ClCompile Include="easySQLite\SqlRecordSet.cpp">
      <Filter>Source Files</Filter>
    </ClCompile>
    <ClCompile Include="easySQLite\SqlTable.cpp">
      <Filter>Source Files</Filter>
    </ClCompile>
  </ItemGroup>
  <ItemGroup>
    <ClInclude Include="easySQLite\SHA1.h">
      <Filter>Header Files</Filter>
    </ClInclude>
    <ClInclude Include="easySQLite\SqlCommon.h">
      <Filter>Header Files</Filter>
    </ClInclude>
    <ClInclude Include="easySQLite\SqlDatabase.h">
      <Filter>Header Files</Filter>
    </ClInclude>
    <ClInclude Include="easySQLite\SqlField.h">
      <Filter>Header Files</Filter>
    </ClInclude>
    <ClInclude Include="easySQLite\SqlFieldSet.h">
      <Filter>Header Files</Filter>
    </ClInclude>
    <ClInclude Include="easySQLite\sqlite3.h">
      <Filter>Header Files</Filter>
    </ClInclude>
    <ClInclude Include="easySQLite\SqlRecord.h">
      <Filter>Header Files</Filter>
    </ClInclude>
    <ClInclude Include="easySQLite\SqlRecordSet.h">
      <Filter>Header Files</Filter>
    </ClInclude>
    <ClInclude Include="easySQLite\SqlTable.h">
      <Filter>Header Files</Filter>
    </ClInclude>
    <ClInclude Include="easySQLite\SqlValue.h">
      <Filter>Header Files</Filter>
    </ClInclude>
  </ItemGroup>
</Project>